
Microsoft Visual Studio Solution File, Format Version 12.00
# Visual Studio 15
VisualStudioVersion = 15.0.27428.2043
MinimumVisualStudioVersion = 10.0.40219.1
Project("{8BC9CEB8-8B4A-11D0-8D11-00A0C91BC942}") = "Bai 1", "DA-TH5P-KHTN\DA-TH5P-KHTN.vcxproj", "{61B4DA68-4BF5-4585-A89F-3D5425C38FE9}"
EndProject
Project("{8BC9CEB8-8B4A-11D0-8D11-00A0C91BC942}") = "Bai 2", "Bai 2\Bai 2.vcxproj", "{BFCFD8AB-A5B1-49D9-8BDE-5848222225BD}"
EndProject
Project("{8BC9CEB8-8B4A-11D0-8D11-00A0C91BC942}") = "Bai 3", "Bai 3\Bai 3.vcxproj", "{99D8BEDA-AFB5-45E3-8052-3AD1FB415FD9}"
EndProject
Project("{8BC9CEB8-8B4A-11D0-8D11-00A0C91BC942}") = "Bai 4", "Bai 4\Bai 4.vcxproj", "{E8C30635-0613-4BBD-BDD4-08143C31FC54}"
EndProject
Project("{8BC9CEB8-8B4A-11D0-8D11-00A0C91BC942}") = "Bai 5", "Bai 5\Bai 5.vcxproj", "{C3BEE37F-C4E4-44C3-8604-25CD8C2D847D}"
EndProject
Global
	GlobalSection(SolutionConfigurationPlatforms) = preSolution
		Debug|x64 = Debug|x64
		Debug|x86 = Debug|x86
		Release|x64 = Release|x64
		Release|x86 = Release|x86
	EndGlobalSection
	GlobalSection(ProjectConfigurationPlatforms) = postSolution
		{61B4DA68-4BF5-4585-A89F-3D5425C38FE9}.Debug|x64.ActiveCfg = Debug|x64
		{61B4DA68-4BF5-4585-A89F-3D5425C38FE9}.Debug|x64.Build.0 = Debug|x64
		{61B4DA68-4BF5-4585-A89F-3D5425C38FE9}.Debug|x86.ActiveCfg = Debug|Win32
		{61B4DA68-4BF5-4585-A89F-3D5425C38FE9}.Debug|x86.Build.0 = Debug|Win32
		{61B4DA68-4BF5-4585-A89F-3D5425C38FE9}.Release|x64.ActiveCfg = Release|x64
		{61B4DA68-4BF5-4585-A89F-3D5425C38FE9}.Release|x64.Build.0 = Release|x64
		{61B4DA68-4BF5-4585-A89F-3D5425C38FE9}.Release|x86.ActiveCfg = Release|Win32
		{61B4DA68-4BF5-4585-A89F-3D5425C38FE9}.Release|x86.Build.0 = Release|Win32
		{BFCFD8AB-A5B1-49D9-8BDE-5848222225BD}.Debug|x64.ActiveCfg = Debug|x64
		{BFCFD8AB-A5B1-49D9-8BDE-5848222225BD}.Debug|x64.Build.0 = Debug|x64
		{BFCFD8AB-A5B1-49D9-8BDE-5848222225BD}.Debug|x86.ActiveCfg = Debug|Win32
		{BFCFD8AB-A5B1-49D9-8BDE-5848222225BD}.Debug|x86.Build.0 = Debug|Win32
		{BFCFD8AB-A5B1-49D9-8BDE-5848222225BD}.Release|x64.ActiveCfg = Release|x64
		{BFCFD8AB-A5B1-49D9-8BDE-5848222225BD}.Release|x64.Build.0 = Release|x64
		{BFCFD8AB-A5B1-49D9-8BDE-5848222225BD}.Release|x86.ActiveCfg = Release|Win32
		{BFCFD8AB-A5B1-49D9-8BDE-5848222225BD}.Release|x86.Build.0 = Release|Win32
		{99D8BEDA-AFB5-45E3-8052-3AD1FB415FD9}.Debug|x64.ActiveCfg = Debug|x64
		{99D8BEDA-AFB5-45E3-8052-3AD1FB415FD9}.Debug|x64.Build.0 = Debug|x64
		{99D8BEDA-AFB5-45E3-8052-3AD1FB415FD9}.Debug|x86.ActiveCfg = Debug|Win32
		{99D8BEDA-AFB5-45E3-8052-3AD1FB415FD9}.Debug|x86.Build.0 = Debug|Win32
		{99D8BEDA-AFB5-45E3-8052-3AD1FB415FD9}.Release|x64.ActiveCfg = Release|x64
		{99D8BEDA-AFB5-45E3-8052-3AD1FB415FD9}.Release|x64.Build.0 = Release|x64
		{99D8BEDA-AFB5-45E3-8052-3AD1FB415FD9}.Release|x86.ActiveCfg = Release|Win32
		{99D8BEDA-AFB5-45E3-8052-3AD1FB415FD9}.Release|x86.Build.0 = Release|Win32
		{E8C30635-0613-4BBD-BDD4-08143C31FC54}.Debug|x64.ActiveCfg = Debug|x64
		{E8C30635-0613-4BBD-BDD4-08143C31FC54}.Debug|x64.Build.0 = Debug|x64
		{E8C30635-0613-4BBD-BDD4-08143C31FC54}.Debug|x86.ActiveCfg = Debug|Win32
		{E8C30635-0613-4BBD-BDD4-08143C31FC54}.Debug|x86.Build.0 = Debug|Win32
		{E8C30635-0613-4BBD-BDD4-08143C31FC54}.Release|x64.ActiveCfg = Release|x64
		{E8C30635-0613-4BBD-BDD4-08143C31FC54}.Release|x64.Build.0 = Release|x64
		{E8C30635-0613-4BBD-BDD4-08143C31FC54}.Release|x86.ActiveCfg = Release|Win32
		{E8C30635-0613-4BBD-BDD4-08143C31FC54}.Release|x86.Build.0 = Release|Win32
		{C3BEE37F-C4E4-44C3-8604-25CD8C2D847D}.Debug|x64.ActiveCfg = Debug|x64
		{C3BEE37F-C4E4-44C3-8604-25CD8C2D847D}.Debug|x64.Build.0 = Debug|x64
		{C3BEE37F-C4E4-44C3-8604-25CD8C2D847D}.Debug|x86.ActiveCfg = Debug|Win32
		{C3BEE37F-C4E4-44C3-8604-25CD8C2D847D}.Debug|x86.Build.0 = Debug|Win32
		{C3BEE37F-C4E4-44C3-8604-25CD8C2D847D}.Release|x64.ActiveCfg = Release|x64
		{C3BEE37F-C4E4-44C3-8604-25CD8C2D847D}.Release|x64.Build.0 = Release|x64
		{C3BEE37F-C4E4-44C3-8604-25CD8C2D847D}.Release|x86.ActiveCfg = Release|Win32
		{C3BEE37F-C4E4-44C3-8604-25CD8C2D847D}.Release|x86.Build.0 = Release|Win32
	EndGlobalSection
	GlobalSection(SolutionProperties) = preSolution
		HideSolutionNode = FALSE
	EndGlobalSection
	GlobalSection(ExtensibilityGlobals) = postSolution
		SolutionGuid = {1FE2C88D-F3B9-439C-B7EC-9DFB73551BD6}
	EndGlobalSection
EndGlobal
